
Microsoft Visual Studio Solution File, Format Version 12.00
# Visual Studio Version 16
VisualStudioVersion = 16.0.810.14
MinimumVisualStudioVersion = 10.0.40219.1
Project("{FAE04EC0-301F-11D3-BF4B-00C04F79EFBC}") = "XctEmbedDemo", "XctEmbedDemo\XctEmbedDemo.csproj", "{327BEC15-5686-4B01-B755-629839138D07}"
EndProject
Global
	GlobalSection(SolutionConfigurationPlatforms) = preSolution
		Debug|iPhoneSimulator = Debug|iPhoneSimulator
		Release|iPhoneSimulator = Release|iPhoneSimulator
		Debug|iPhone = Debug|iPhone
		Release|iPhone = Release|iPhone
	EndGlobalSection
	GlobalSection(ProjectConfigurationPlatforms) = postSolution
		{327BEC15-5686-4B01-B755-629839138D07}.Debug|iPhoneSimulator.ActiveCfg = Debug|iPhoneSimulator
		{327BEC15-5686-4B01-B755-629839138D07}.Debug|iPhoneSimulator.Build.0 = Debug|iPhoneSimulator
		{327BEC15-5686-4B01-B755-629839138D07}.Release|iPhoneSimulator.ActiveCfg = Release|iPhoneSimulator
		{327BEC15-5686-4B01-B755-629839138D07}.Release|iPhoneSimulator.Build.0 = Release|iPhoneSimulator
		{327BEC15-5686-4B01-B755-629839138D07}.Debug|iPhone.ActiveCfg = Debug|iPhone
		{327BEC15-5686-4B01-B755-629839138D07}.Debug|iPhone.Build.0 = Debug|iPhone
		{327BEC15-5686-4B01-B755-629839138D07}.Release|iPhone.ActiveCfg = Release|iPhone
		{327BEC15-5686-4B01-B755-629839138D07}.Release|iPhone.Build.0 = Release|iPhone
	EndGlobalSection
	GlobalSection(SolutionProperties) = preSolution
		HideSolutionNode = FALSE
	EndGlobalSection
	GlobalSection(ExtensibilityGlobals) = postSolution
		SolutionGuid = {BC248EC3-B154-45E4-AD6A-19CD0B7529A9}
	EndGlobalSection
EndGlobal
